
Microsoft Visual Studio Solution File, Format Version 12.00
# Visual Studio Version 16
VisualStudioVersion = 16.0.31019.35
MinimumVisualStudioVersion = 10.0.40219.1
Project("{FAE04EC0-301F-11D3-BF4B-00C04F79EFBC}") = "ConsoleAppB2cRopc", "ConsoleAppB2cRopc\ConsoleAppB2cRopc.csproj", "{0F894824-A85E-4581-8968-4874A447D37B}"
EndProject
Global
	GlobalSection(SolutionConfigurationPlatforms) = preSolution
		Debug|Any CPU = Debug|Any CPU
		Release|Any CPU = Release|Any CPU
	EndGlobalSection
	GlobalSection(ProjectConfigurationPlatforms) = postSolution
		{0F894824-A85E-4581-8968-4874A447D37B}.Debug|Any CPU.ActiveCfg = Debug|Any CPU
		{0F894824-A85E-4581-8968-4874A447D37B}.Debug|Any CPU.Build.0 = Debug|Any CPU
		{0F894824-A85E-4581-8968-4874A447D37B}.Release|Any CPU.ActiveCfg = Release|Any CPU
		{0F894824-A85E-4581-8968-4874A447D37B}.Release|Any CPU.Build.0 = Release|Any CPU
	EndGlobalSection
	GlobalSection(SolutionProperties) = preSolution
		HideSolutionNode = FALSE
	EndGlobalSection
	GlobalSection(ExtensibilityGlobals) = postSolution
		SolutionGuid = {274FEDC1-8B27-451F-BB4A-C09851BCF549}
	EndGlobalSection
EndGlobal
